// !$*UTF8*$!
{
	archiveVersion = 1;
	classes = {
	};
	objectVersion = 46;
	objects = {

/* Begin PBXBuildFile section */
		56A1E72F998A9B4DF2A729AE /* libPods-PPVideoPlayer.a in Frameworks */ = {isa = PBXBuildFile; fileRef = 491A82F961C3941D0869C800 /* libPods-PPVideoPlayer.a */; };
		5A6530D5212AE6E60003DE7A /* PPVideoPlayer.bundle in Resources */ = {isa = PBXBuildFile; fileRef = 5A6530D4212AE6E60003DE7A /* PPVideoPlayer.bundle */; };
		5AB64F1920E2459E0098B89E /* OCBarrageTextCell.m in Sources */ = {isa = PBXBuildFile; fileRef = 5AB64F0B20E2459E0098B89E /* OCBarrageTextCell.m */; };
		5AB64F1A20E2459E0098B89E /* OCBarrageDescriptor.m in Sources */ = {isa = PBXBuildFile; fileRef = 5AB64F0C20E2459E0098B89E /* OCBarrageDescriptor.m */; };
		5AB64F1B20E2459E0098B89E /* OCBarrageCell.m in Sources */ = {isa = PBXBuildFile; fileRef = 5AB64F0D20E2459E0098B89E /* OCBarrageCell.m */; };
		5AB64F1C20E2459E0098B89E /* OCBarrageTextDescriptor.m in Sources */ = {isa = PBXBuildFile; fileRef = 5AB64F0F20E2459E0098B89E /* OCBarrageTextDescriptor.m */; };
		5AB64F1D20E2459E0098B89E /* CALayer+OCBarrage.m in Sources */ = {isa = PBXBuildFile; fileRef = 5AB64F1020E2459E0098B89E /* CALayer+OCBarrage.m */; };
		5AB64F1E20E2459E0098B89E /* OCBarrageManager.m in Sources */ = {isa = PBXBuildFile; fileRef = 5AB64F1120E2459E0098B89E /* OCBarrageManager.m */; };
		5AB64F1F20E2459E0098B89E /* OCBarrageTrackInfo.m in Sources */ = {isa = PBXBuildFile; fileRef = 5AB64F1220E2459E0098B89E /* OCBarrageTrackInfo.m */; };
		5AB64F2020E2459E0098B89E /* OCBarrageRenderView.m in Sources */ = {isa = PBXBuildFile; fileRef = 5AB64F1620E2459E0098B89E /* OCBarrageRenderView.m */; };
		7244636A1E8B6A2700A03059 /* cdvideo.mp4 in Resources */ = {isa = PBXBuildFile; fileRef = 724463691E8B6A2700A03059 /* cdvideo.mp4 */; };
		728B901B1E77F05A00E30C61 /* main.m in Sources */ = {isa = PBXBuildFile; fileRef = 728B901A1E77F05A00E30C61 /* main.m */; };
		728B901E1E77F05A00E30C61 /* AppDelegate.m in Sources */ = {isa = PBXBuildFile; fileRef = 728B901D1E77F05A00E30C61 /* AppDelegate.m */; };
		728B90211E77F05A00E30C61 /* ViewController.m in Sources */ = {isa = PBXBuildFile; fileRef = 728B90201E77F05A00E30C61 /* ViewController.m */; };
		728B90241E77F05A00E30C61 /* Main.storyboard in Resources */ = {isa = PBXBuildFile; fileRef = 728B90221E77F05A00E30C61 /* Main.storyboard */; };
		728B90261E77F05A00E30C61 /* Assets.xcassets in Resources */ = {isa = PBXBuildFile; fileRef = 728B90251E77F05A00E30C61 /* Assets.xcassets */; };
		728B90291E77F05A00E30C61 /* LaunchScreen.storyboard in Resources */ = {isa = PBXBuildFile; fileRef = 728B90271E77F05A00E30C61 /* LaunchScreen.storyboard */; };
		728B90981E77F25400E30C61 /* PPVideoPlayerView.m in Sources */ = {isa = PBXBuildFile; fileRef = 728B90741E77F25400E30C61 /* PPVideoPlayerView.m */; };
		728B909E1E77F3B700E30C61 /* Demo1ViewController.m in Sources */ = {isa = PBXBuildFile; fileRef = 728B909D1E77F3B700E30C61 /* Demo1ViewController.m */; };
		728B90A11E77F3BF00E30C61 /* Demo2ViewController.m in Sources */ = {isa = PBXBuildFile; fileRef = 728B90A01E77F3BF00E30C61 /* Demo2ViewController.m */; };
		728B90A31E77F42900E30C61 /* SystemConfiguration.framework in Frameworks */ = {isa = PBXBuildFile; fileRef = 728B90A21E77F42900E30C61 /* SystemConfiguration.framework */; };
		728B90A51E77F43400E30C61 /* CoreTelephony.framework in Frameworks */ = {isa = PBXBuildFile; fileRef = 728B90A41E77F43400E30C61 /* CoreTelephony.framework */; };
		728B90A71E77F43F00E30C61 /* CFNetwork.framework in Frameworks */ = {isa = PBXBuildFile; fileRef = 728B90A61E77F43F00E30C61 /* CFNetwork.framework */; };
		728B90A91E77F44B00E30C61 /* libz.tbd in Frameworks */ = {isa = PBXBuildFile; fileRef = 728B90A81E77F44B00E30C61 /* libz.tbd */; };
		728B90AB1E77F45300E30C61 /* libbz2.tbd in Frameworks */ = {isa = PBXBuildFile; fileRef = 728B90AA1E77F45300E30C61 /* libbz2.tbd */; };
		728B90AD1E77F45900E30C61 /* libstdc++.tbd in Frameworks */ = {isa = PBXBuildFile; fileRef = 728B90AC1E77F45900E30C61 /* libstdc++.tbd */; };
		728B90AF1E77F46100E30C61 /* libiconv.tbd in Frameworks */ = {isa = PBXBuildFile; fileRef = 728B90AE1E77F46100E30C61 /* libiconv.tbd */; };
		728B90B11E77F47700E30C61 /* Foundation.framework in Frameworks */ = {isa = PBXBuildFile; fileRef = 728B90B01E77F47700E30C61 /* Foundation.framework */; };
		728B90B31E77F49000E30C61 /* OpenGLES.framework in Frameworks */ = {isa = PBXBuildFile; fileRef = 728B90B21E77F49000E30C61 /* OpenGLES.framework */; };
		728B90B51E77F49A00E30C61 /* QuartzCore.framework in Frameworks */ = {isa = PBXBuildFile; fileRef = 728B90B41E77F49A00E30C61 /* QuartzCore.framework */; };
		728B90B71E77F4A100E30C61 /* CoreAudio.framework in Frameworks */ = {isa = PBXBuildFile; fileRef = 728B90B61E77F4A100E30C61 /* CoreAudio.framework */; };
		728B90B91E77F4A800E30C61 /* CoreVideo.framework in Frameworks */ = {isa = PBXBuildFile; fileRef = 728B90B81E77F4A800E30C61 /* CoreVideo.framework */; };
		728B90BB1E77F4AE00E30C61 /* CoreGraphics.framework in Frameworks */ = {isa = PBXBuildFile; fileRef = 728B90BA1E77F4AE00E30C61 /* CoreGraphics.framework */; };
		728B90BD1E77F4B500E30C61 /* CoreMedia.framework in Frameworks */ = {isa = PBXBuildFile; fileRef = 728B90BC1E77F4B500E30C61 /* CoreMedia.framework */; };
		728B90BF1E77F4BE00E30C61 /* AVFoundation.framework in Frameworks */ = {isa = PBXBuildFile; fileRef = 728B90BE1E77F4BE00E30C61 /* AVFoundation.framework */; };
		728B90C11E77F4C500E30C61 /* VideoToolbox.framework in Frameworks */ = {isa = PBXBuildFile; fileRef = 728B90C01E77F4C400E30C61 /* VideoToolbox.framework */; };
		728B90C31E77F4CB00E30C61 /* AudioToolbox.framework in Frameworks */ = {isa = PBXBuildFile; fileRef = 728B90C21E77F4CB00E30C61 /* AudioToolbox.framework */; };
		728B90C51E77F4D200E30C61 /* UIKit.framework in Frameworks */ = {isa = PBXBuildFile; fileRef = 728B90C41E77F4D200E30C61 /* UIKit.framework */; };
/* End PBXBuildFile section */

/* Begin PBXFileReference section */
		491A82F961C3941D0869C800 /* libPods-PPVideoPlayer.a */ = {isa = PBXFileReference; explicitFileType = archive.ar; includeInIndex = 0; path = "libPods-PPVideoPlayer.a"; sourceTree = BUILT_PRODUCTS_DIR; };
		4E941C5E0009BB152505D996 /* Pods-PPVideoPlayer.debug.xcconfig */ = {isa = PBXFileReference; includeInIndex = 1; lastKnownFileType = text.xcconfig; name = "Pods-PPVideoPlayer.debug.xcconfig"; path = "Pods/Target Support Files/Pods-PPVideoPlayer/Pods-PPVideoPlayer.debug.xcconfig"; sourceTree = "<group>"; };
		5A6530D4212AE6E60003DE7A /* PPVideoPlayer.bundle */ = {isa = PBXFileReference; lastKnownFileType = "wrapper.plug-in"; path = PPVideoPlayer.bundle; sourceTree = "<group>"; };
		5AB64F0720E2459E0098B89E /* CALayer+OCBarrage.h */ = {isa = PBXFileReference; fileEncoding = 4; lastKnownFileType = sourcecode.c.h; path = "CALayer+OCBarrage.h"; sourceTree = "<group>"; };
		5AB64F0820E2459E0098B89E /* OCBarrageTextDescriptor.h */ = {isa = PBXFileReference; fileEncoding = 4; lastKnownFileType = sourcecode.c.h; path = OCBarrageTextDescriptor.h; sourceTree = "<group>"; };
		5AB64F0920E2459E0098B89E /* OCBarrageTrackInfo.h */ = {isa = PBXFileReference; fileEncoding = 4; lastKnownFileType = sourcecode.c.h; path = OCBarrageTrackInfo.h; sourceTree = "<group>"; };
		5AB64F0A20E2459E0098B89E /* OCBarrageManager.h */ = {isa = PBXFileReference; fileEncoding = 4; lastKnownFileType = sourcecode.c.h; path = OCBarrageManager.h; sourceTree = "<group>"; };
		5AB64F0B20E2459E0098B89E /* OCBarrageTextCell.m */ = {isa = PBXFileReference; fileEncoding = 4; lastKnownFileType = sourcecode.c.objc; path = OCBarrageTextCell.m; sourceTree = "<group>"; };
		5AB64F0C20E2459E0098B89E /* OCBarrageDescriptor.m */ = {isa = PBXFileReference; fileEncoding = 4; lastKnownFileType = sourcecode.c.objc; path = OCBarrageDescriptor.m; sourceTree = "<group>"; };
		5AB64F0D20E2459E0098B89E /* OCBarrageCell.m */ = {isa = PBXFileReference; fileEncoding = 4; lastKnownFileType = sourcecode.c.objc; path = OCBarrageCell.m; sourceTree = "<group>"; };
		5AB64F0E20E2459E0098B89E /* OCBarrageRenderView.h */ = {isa = PBXFileReference; fileEncoding = 4; lastKnownFileType = sourcecode.c.h; path = OCBarrageRenderView.h; sourceTree = "<group>"; };
		5AB64F0F20E2459E0098B89E /* OCBarrageTextDescriptor.m */ = {isa = PBXFileReference; fileEncoding = 4; lastKnownFileType = sourcecode.c.objc; path = OCBarrageTextDescriptor.m; sourceTree = "<group>"; };
		5AB64F1020E2459E0098B89E /* CALayer+OCBarrage.m */ = {isa = PBXFileReference; fileEncoding = 4; lastKnownFileType = sourcecode.c.objc; path = "CALayer+OCBarrage.m"; sourceTree = "<group>"; };
		5AB64F1120E2459E0098B89E /* OCBarrageManager.m */ = {isa = PBXFileReference; fileEncoding = 4; lastKnownFileType = sourcecode.c.objc; path = OCBarrageManager.m; sourceTree = "<group>"; };
		5AB64F1220E2459E0098B89E /* OCBarrageTrackInfo.m */ = {isa = PBXFileReference; fileEncoding = 4; lastKnownFileType = sourcecode.c.objc; path = OCBarrageTrackInfo.m; sourceTree = "<group>"; };
		5AB64F1320E2459E0098B89E /* OCBarrage.h */ = {isa = PBXFileReference; fileEncoding = 4; lastKnownFileType = sourcecode.c.h; path = OCBarrage.h; sourceTree = "<group>"; };
		5AB64F1420E2459E0098B89E /* OCBarrageTextCell.h */ = {isa = PBXFileReference; fileEncoding = 4; lastKnownFileType = sourcecode.c.h; path = OCBarrageTextCell.h; sourceTree = "<group>"; };
		5AB64F1520E2459E0098B89E /* OCBarrageHeader.h */ = {isa = PBXFileReference; fileEncoding = 4; lastKnownFileType = sourcecode.c.h; path = OCBarrageHeader.h; sourceTree = "<group>"; };
		5AB64F1620E2459E0098B89E /* OCBarrageRenderView.m */ = {isa = PBXFileReference; fileEncoding = 4; lastKnownFileType = sourcecode.c.objc; path = OCBarrageRenderView.m; sourceTree = "<group>"; };
		5AB64F1720E2459E0098B89E /* OCBarrageCell.h */ = {isa = PBXFileReference; fileEncoding = 4; lastKnownFileType = sourcecode.c.h; path = OCBarrageCell.h; sourceTree = "<group>"; };
		5AB64F1820E2459E0098B89E /* OCBarrageDescriptor.h */ = {isa = PBXFileReference; fileEncoding = 4; lastKnownFileType = sourcecode.c.h; path = OCBarrageDescriptor.h; sourceTree = "<group>"; };
		724463691E8B6A2700A03059 /* cdvideo.mp4 */ = {isa = PBXFileReference; lastKnownFileType = file; path = cdvideo.mp4; sourceTree = "<group>"; };
		728B90161E77F05A00E30C61 /* PPVideoPlayer.app */ = {isa = PBXFileReference; explicitFileType = wrapper.application; includeInIndex = 0; path = PPVideoPlayer.app; sourceTree = BUILT_PRODUCTS_DIR; };
		728B901A1E77F05A00E30C61 /* main.m */ = {isa = PBXFileReference; lastKnownFileType = sourcecode.c.objc; path = main.m; sourceTree = "<group>"; };
		728B901C1E77F05A00E30C61 /* AppDelegate.h */ = {isa = PBXFileReference; lastKnownFileType = sourcecode.c.h; path = AppDelegate.h; sourceTree = "<group>"; };
		728B901D1E77F05A00E30C61 /* AppDelegate.m */ = {isa = PBXFileReference; lastKnownFileType = sourcecode.c.objc; path = AppDelegate.m; sourceTree = "<group>"; };
		728B901F1E77F05A00E30C61 /* ViewController.h */ = {isa = PBXFileReference; lastKnownFileType = sourcecode.c.h; path = ViewController.h; sourceTree = "<group>"; };
		728B90201E77F05A00E30C61 /* ViewController.m */ = {isa = PBXFileReference; lastKnownFileType = sourcecode.c.objc; path = ViewController.m; sourceTree = "<group>"; };
		728B90231E77F05A00E30C61 /* Base */ = {isa = PBXFileReference; lastKnownFileType = file.storyboard; name = Base; path = Base.lproj/Main.storyboard; sourceTree = "<group>"; };
		728B90251E77F05A00E30C61 /* Assets.xcassets */ = {isa = PBXFileReference; lastKnownFileType = folder.assetcatalog; path = Assets.xcassets; sourceTree = "<group>"; };
		728B90281E77F05A00E30C61 /* Base */ = {isa = PBXFileReference; lastKnownFileType = file.storyboard; name = Base; path = Base.lproj/LaunchScreen.storyboard; sourceTree = "<group>"; };
		728B902A1E77F05A00E30C61 /* Info.plist */ = {isa = PBXFileReference; lastKnownFileType = text.plist.xml; path = Info.plist; sourceTree = "<group>"; };
		728B90731E77F25400E30C61 /* PPVideoPlayerView.h */ = {isa = PBXFileReference; fileEncoding = 4; lastKnownFileType = sourcecode.c.h; path = PPVideoPlayerView.h; sourceTree = "<group>"; };
		728B90741E77F25400E30C61 /* PPVideoPlayerView.m */ = {isa = PBXFileReference; fileEncoding = 4; lastKnownFileType = sourcecode.c.objc; path = PPVideoPlayerView.m; sourceTree = "<group>"; };
		728B909C1E77F3B700E30C61 /* Demo1ViewController.h */ = {isa = PBXFileReference; fileEncoding = 4; lastKnownFileType = sourcecode.c.h; path = Demo1ViewController.h; sourceTree = "<group>"; };
		728B909D1E77F3B700E30C61 /* Demo1ViewController.m */ = {isa = PBXFileReference; fileEncoding = 4; lastKnownFileType = sourcecode.c.objc; path = Demo1ViewController.m; sourceTree = "<group>"; };
		728B909F1E77F3BF00E30C61 /* Demo2ViewController.h */ = {isa = PBXFileReference; fileEncoding = 4; lastKnownFileType = sourcecode.c.h; path = Demo2ViewController.h; sourceTree = "<group>"; };
		728B90A01E77F3BF00E30C61 /* Demo2ViewController.m */ = {isa = PBXFileReference; fileEncoding = 4; lastKnownFileType = sourcecode.c.objc; path = Demo2ViewController.m; sourceTree = "<group>"; };
		728B90A21E77F42900E30C61 /* SystemConfiguration.framework */ = {isa = PBXFileReference; lastKnownFileType = wrapper.framework; name = SystemConfiguration.framework; path = System/Library/Frameworks/SystemConfiguration.framework; sourceTree = SDKROOT; };
		728B90A41E77F43400E30C61 /* CoreTelephony.framework */ = {isa = PBXFileReference; lastKnownFileType = wrapper.framework; name = CoreTelephony.framework; path = System/Library/Frameworks/CoreTelephony.framework; sourceTree = SDKROOT; };
		728B90A61E77F43F00E30C61 /* CFNetwork.framework */ = {isa = PBXFileReference; lastKnownFileType = wrapper.framework; name = CFNetwork.framework; path = System/Library/Frameworks/CFNetwork.framework; sourceTree = SDKROOT; };
		728B90A81E77F44B00E30C61 /* libz.tbd */ = {isa = PBXFileReference; lastKnownFileType = "sourcecode.text-based-dylib-definition"; name = libz.tbd; path = usr/lib/libz.tbd; sourceTree = SDKROOT; };
		728B90AA1E77F45300E30C61 /* libbz2.tbd */ = {isa = PBXFileReference; lastKnownFileType = "sourcecode.text-based-dylib-definition"; name = libbz2.tbd; path = usr/lib/libbz2.tbd; sourceTree = SDKROOT; };
		728B90AC1E77F45900E30C61 /* libstdc++.tbd */ = {isa = PBXFileReference; lastKnownFileType = "sourcecode.text-based-dylib-definition"; name = "libstdc++.tbd"; path = "usr/lib/libstdc++.tbd"; sourceTree = SDKROOT; };
		728B90AE1E77F46100E30C61 /* libiconv.tbd */ = {isa = PBXFileReference; lastKnownFileType = "sourcecode.text-based-dylib-definition"; name = libiconv.tbd; path = usr/lib/libiconv.tbd; sourceTree = SDKROOT; };
		728B90B01E77F47700E30C61 /* Foundation.framework */ = {isa = PBXFileReference; lastKnownFileType = wrapper.framework; name = Foundation.framework; path = System/Library/Frameworks/Foundation.framework; sourceTree = SDKROOT; };
		728B90B21E77F49000E30C61 /* OpenGLES.framework */ = {isa = PBXFileReference; lastKnownFileType = wrapper.framework; name = OpenGLES.framework; path = System/Library/Frameworks/OpenGLES.framework; sourceTree = SDKROOT; };
		728B90B41E77F49A00E30C61 /* QuartzCore.framework */ = {isa = PBXFileReference; lastKnownFileType = wrapper.framework; name = QuartzCore.framework; path = System/Library/Frameworks/QuartzCore.framework; sourceTree = SDKROOT; };
		728B90B61E77F4A100E30C61 /* CoreAudio.framework */ = {isa = PBXFileReference; lastKnownFileType = wrapper.framework; name = CoreAudio.framework; path = System/Library/Frameworks/CoreAudio.framework; sourceTree = SDKROOT; };
		728B90B81E77F4A800E30C61 /* CoreVideo.framework */ = {isa = PBXFileReference; lastKnownFileType = wrapper.framework; name = CoreVideo.framework; path = System/Library/Frameworks/CoreVideo.framework; sourceTree = SDKROOT; };
		728B90BA1E77F4AE00E30C61 /* CoreGraphics.framework */ = {isa = PBXFileReference; lastKnownFileType = wrapper.framework; name = CoreGraphics.framework; path = System/Library/Frameworks/CoreGraphics.framework; sourceTree = SDKROOT; };
		728B90BC1E77F4B500E30C61 /* CoreMedia.framework */ = {isa = PBXFileReference; lastKnownFileType = wrapper.framework; name = CoreMedia.framework; path = System/Library/Frameworks/CoreMedia.framework; sourceTree = SDKROOT; };
		728B90BE1E77F4BE00E30C61 /* AVFoundation.framework */ = {isa = PBXFileReference; lastKnownFileType = wrapper.framework; name = AVFoundation.framework; path = System/Library/Frameworks/AVFoundation.framework; sourceTree = SDKROOT; };
		728B90C01E77F4C400E30C61 /* VideoToolbox.framework */ = {isa = PBXFileReference; lastKnownFileType = wrapper.framework; name = VideoToolbox.framework; path = System/Library/Frameworks/VideoToolbox.framework; sourceTree = SDKROOT; };
		728B90C21E77F4CB00E30C61 /* AudioToolbox.framework */ = {isa = PBXFileReference; lastKnownFileType = wrapper.framework; name = AudioToolbox.framework; path = System/Library/Frameworks/AudioToolbox.framework; sourceTree = SDKROOT; };
		728B90C41E77F4D200E30C61 /* UIKit.framework */ = {isa = PBXFileReference; lastKnownFileType = wrapper.framework; name = UIKit.framework; path = System/Library/Frameworks/UIKit.framework; sourceTree = SDKROOT; };
		C9D75B015853D3C4720E3C65 /* Pods-PPVideoPlayer.release.xcconfig */ = {isa = PBXFileReference; includeInIndex = 1; lastKnownFileType = text.xcconfig; name = "Pods-PPVideoPlayer.release.xcconfig"; path = "Pods/Target Support Files/Pods-PPVideoPlayer/Pods-PPVideoPlayer.release.xcconfig"; sourceTree = "<group>"; };
/* End PBXFileReference section */

/* Begin PBXFrameworksBuildPhase section */
		728B90131E77F05A00E30C61 /* Frameworks */ = {
			isa = PBXFrameworksBuildPhase;
			buildActionMask = 2147483647;
			files = (
				728B90C51E77F4D200E30C61 /* UIKit.framework in Frameworks */,
				728B90C31E77F4CB00E30C61 /* AudioToolbox.framework in Frameworks */,
				728B90C11E77F4C500E30C61 /* VideoToolbox.framework in Frameworks */,
				728B90BF1E77F4BE00E30C61 /* AVFoundation.framework in Frameworks */,
				728B90BD1E77F4B500E30C61 /* CoreMedia.framework in Frameworks */,
				728B90BB1E77F4AE00E30C61 /* CoreGraphics.framework in Frameworks */,
				728B90B91E77F4A800E30C61 /* CoreVideo.framework in Frameworks */,
				728B90B71E77F4A100E30C61 /* CoreAudio.framework in Frameworks */,
				728B90B51E77F49A00E30C61 /* QuartzCore.framework in Frameworks */,
				728B90B31E77F49000E30C61 /* OpenGLES.framework in Frameworks */,
				728B90B11E77F47700E30C61 /* Foundation.framework in Frameworks */,
				728B90AF1E77F46100E30C61 /* libiconv.tbd in Frameworks */,
				728B90AD1E77F45900E30C61 /* libstdc++.tbd in Frameworks */,
				728B90AB1E77F45300E30C61 /* libbz2.tbd in Frameworks */,
				728B90A91E77F44B00E30C61 /* libz.tbd in Frameworks */,
				728B90A71E77F43F00E30C61 /* CFNetwork.framework in Frameworks */,
				728B90A51E77F43400E30C61 /* CoreTelephony.framework in Frameworks */,
				728B90A31E77F42900E30C61 /* SystemConfiguration.framework in Frameworks */,
				56A1E72F998A9B4DF2A729AE /* libPods-PPVideoPlayer.a in Frameworks */,
			);
			runOnlyForDeploymentPostprocessing = 0;
		};
/* End PBXFrameworksBuildPhase section */

/* Begin PBXGroup section */
		5AB64F0620E2459E0098B89E /* OCBarrage */ = {
			isa = PBXGroup;
			children = (
				5AB64F0720E2459E0098B89E /* CALayer+OCBarrage.h */,
				5AB64F0820E2459E0098B89E /* OCBarrageTextDescriptor.h */,
				5AB64F0920E2459E0098B89E /* OCBarrageTrackInfo.h */,
				5AB64F0A20E2459E0098B89E /* OCBarrageManager.h */,
				5AB64F0B20E2459E0098B89E /* OCBarrageTextCell.m */,
				5AB64F0C20E2459E0098B89E /* OCBarrageDescriptor.m */,
				5AB64F0D20E2459E0098B89E /* OCBarrageCell.m */,
				5AB64F0E20E2459E0098B89E /* OCBarrageRenderView.h */,
				5AB64F0F20E2459E0098B89E /* OCBarrageTextDescriptor.m */,
				5AB64F1020E2459E0098B89E /* CALayer+OCBarrage.m */,
				5AB64F1120E2459E0098B89E /* OCBarrageManager.m */,
				5AB64F1220E2459E0098B89E /* OCBarrageTrackInfo.m */,
				5AB64F1320E2459E0098B89E /* OCBarrage.h */,
				5AB64F1420E2459E0098B89E /* OCBarrageTextCell.h */,
				5AB64F1520E2459E0098B89E /* OCBarrageHeader.h */,
				5AB64F1620E2459E0098B89E /* OCBarrageRenderView.m */,
				5AB64F1720E2459E0098B89E /* OCBarrageCell.h */,
				5AB64F1820E2459E0098B89E /* OCBarrageDescriptor.h */,
			);
			path = OCBarrage;
			sourceTree = "<group>";
		};
		728B900D1E77F05A00E30C61 = {
			isa = PBXGroup;
			children = (
				728B903E1E77F1AB00E30C61 /* Frameworks */,
				728B90181E77F05A00E30C61 /* PPVideoPlayer */,
				728B90171E77F05A00E30C61 /* Products */,
				81E5640D5646E757790524EB /* Pods */,
			);
			sourceTree = "<group>";
		};
		728B90171E77F05A00E30C61 /* Products */ = {
			isa = PBXGroup;
			children = (
				728B90161E77F05A00E30C61 /* PPVideoPlayer.app */,
			);
			name = Products;
			sourceTree = "<group>";
		};
		728B90181E77F05A00E30C61 /* PPVideoPlayer */ = {
			isa = PBXGroup;
			children = (
				728B903F1E77F23000E30C61 /* PPVideoPlayer */,
				728B901C1E77F05A00E30C61 /* AppDelegate.h */,
				728B901D1E77F05A00E30C61 /* AppDelegate.m */,
				728B901F1E77F05A00E30C61 /* ViewController.h */,
				728B90201E77F05A00E30C61 /* ViewController.m */,
				728B909C1E77F3B700E30C61 /* Demo1ViewController.h */,
				728B909D1E77F3B700E30C61 /* Demo1ViewController.m */,
				728B909F1E77F3BF00E30C61 /* Demo2ViewController.h */,
				728B90A01E77F3BF00E30C61 /* Demo2ViewController.m */,
				724463691E8B6A2700A03059 /* cdvideo.mp4 */,
				728B90221E77F05A00E30C61 /* Main.storyboard */,
				728B90251E77F05A00E30C61 /* Assets.xcassets */,
				728B90271E77F05A00E30C61 /* LaunchScreen.storyboard */,
				728B902A1E77F05A00E30C61 /* Info.plist */,
				728B90191E77F05A00E30C61 /* Supporting Files */,
			);
			path = PPVideoPlayer;
			sourceTree = "<group>";
		};
		728B90191E77F05A00E30C61 /* Supporting Files */ = {
			isa = PBXGroup;
			children = (
				728B901A1E77F05A00E30C61 /* main.m */,
			);
			name = "Supporting Files";
			sourceTree = "<group>";
		};
		728B903E1E77F1AB00E30C61 /* Frameworks */ = {
			isa = PBXGroup;
			children = (
				728B90C41E77F4D200E30C61 /* UIKit.framework */,
				728B90C21E77F4CB00E30C61 /* AudioToolbox.framework */,
				728B90C01E77F4C400E30C61 /* VideoToolbox.framework */,
				728B90BE1E77F4BE00E30C61 /* AVFoundation.framework */,
				728B90BC1E77F4B500E30C61 /* CoreMedia.framework */,
				728B90BA1E77F4AE00E30C61 /* CoreGraphics.framework */,
				728B90B81E77F4A800E30C61 /* CoreVideo.framework */,
				728B90B61E77F4A100E30C61 /* CoreAudio.framework */,
				728B90B41E77F49A00E30C61 /* QuartzCore.framework */,
				728B90B21E77F49000E30C61 /* OpenGLES.framework */,
				728B90B01E77F47700E30C61 /* Foundation.framework */,
				728B90AE1E77F46100E30C61 /* libiconv.tbd */,
				728B90AC1E77F45900E30C61 /* libstdc++.tbd */,
				728B90AA1E77F45300E30C61 /* libbz2.tbd */,
				728B90A81E77F44B00E30C61 /* libz.tbd */,
				728B90A61E77F43F00E30C61 /* CFNetwork.framework */,
				728B90A41E77F43400E30C61 /* CoreTelephony.framework */,
				728B90A21E77F42900E30C61 /* SystemConfiguration.framework */,
				491A82F961C3941D0869C800 /* libPods-PPVideoPlayer.a */,
			);
			name = Frameworks;
			sourceTree = "<group>";
		};
		728B903F1E77F23000E30C61 /* PPVideoPlayer */ = {
			isa = PBXGroup;
			children = (
				5AB64F0620E2459E0098B89E /* OCBarrage */,
				5A6530D4212AE6E60003DE7A /* PPVideoPlayer.bundle */,
				728B90731E77F25400E30C61 /* PPVideoPlayerView.h */,
				728B90741E77F25400E30C61 /* PPVideoPlayerView.m */,
			);
			path = PPVideoPlayer;
			sourceTree = "<group>";
		};
		81E5640D5646E757790524EB /* Pods */ = {
			isa = PBXGroup;
			children = (
				4E941C5E0009BB152505D996 /* Pods-PPVideoPlayer.debug.xcconfig */,
				C9D75B015853D3C4720E3C65 /* Pods-PPVideoPlayer.release.xcconfig */,
			);
			name = Pods;
			sourceTree = "<group>";
		};
/* End PBXGroup section */

/* Begin PBXNativeTarget section */
		728B90151E77F05A00E30C61 /* PPVideoPlayer */ = {
			isa = PBXNativeTarget;
			buildConfigurationList = 728B902D1E77F05A00E30C61 /* Build configuration list for PBXNativeTarget "PPVideoPlayer" */;
			buildPhases = (
				B5174B50D0B16F7DC41D5A7D /* [CP] Check Pods Manifest.lock */,
				728B90121E77F05A00E30C61 /* Sources */,
				728B90131E77F05A00E30C61 /* Frameworks */,
				728B90141E77F05A00E30C61 /* Resources */,
				C943F93188A05A65F2EE4526 /* [CP] Embed Pods Frameworks */,
				94711FDC3430B51302922515 /* [CP] Copy Pods Resources */,
			);
			buildRules = (
			);
			dependencies = (
			);
			name = PPVideoPlayer;
			productName = PPVideoPlayer;
			productReference = 728B90161E77F05A00E30C61 /* PPVideoPlayer.app */;
			productType = "com.apple.product-type.application";
		};
/* End PBXNativeTarget section */

/* Begin PBXProject section */
		728B900E1E77F05A00E30C61 /* Project object */ = {
			isa = PBXProject;
			attributes = {
				LastUpgradeCheck = 0820;
				ORGANIZATIONNAME = pinguo;
				TargetAttributes = {
					728B90151E77F05A00E30C61 = {
						CreatedOnToolsVersion = 8.2.1;
						DevelopmentTeam = F9UAGF98L6;
						ProvisioningStyle = Automatic;
						SystemCapabilities = {
							com.apple.BackgroundModes = {
								enabled = 1;
							};
						};
					};
				};
			};
			buildConfigurationList = 728B90111E77F05A00E30C61 /* Build configuration list for PBXProject "PPVideoPlayer" */;
			compatibilityVersion = "Xcode 3.2";
			developmentRegion = English;
			hasScannedForEncodings = 0;
			knownRegions = (
				en,
				Base,
			);
			mainGroup = 728B900D1E77F05A00E30C61;
			productRefGroup = 728B90171E77F05A00E30C61 /* Products */;
			projectDirPath = "";
			projectRoot = "";
			targets = (
				728B90151E77F05A00E30C61 /* PPVideoPlayer */,
			);
		};
/* End PBXProject section */

/* Begin PBXResourcesBuildPhase section */
		728B90141E77F05A00E30C61 /* Resources */ = {
			isa = PBXResourcesBuildPhase;
			buildActionMask = 2147483647;
			files = (
				728B90291E77F05A00E30C61 /* LaunchScreen.storyboard in Resources */,
				728B90261E77F05A00E30C61 /* Assets.xcassets in Resources */,
				5A6530D5212AE6E60003DE7A /* PPVideoPlayer.bundle in Resources */,
				7244636A1E8B6A2700A03059 /* cdvideo.mp4 in Resources */,
				728B90241E77F05A00E30C61 /* Main.storyboard in Resources */,
			);
			runOnlyForDeploymentPostprocessing = 0;
		};
/* End PBXResourcesBuildPhase section */

/* Begin PBXShellScriptBuildPhase section */
		94711FDC3430B51302922515 /* [CP] Copy Pods Resources */ = {
			isa = PBXShellScriptBuildPhase;
			buildActionMask = 2147483647;
			files = (
			);
			inputPaths = (
			);
			name = "[CP] Copy Pods Resources";
			outputPaths = (
			);
			runOnlyForDeploymentPostprocessing = 0;
			shellPath = /bin/sh;
			shellScript = "\"${SRCROOT}/Pods/Target Support Files/Pods-PPVideoPlayer/Pods-PPVideoPlayer-resources.sh\"\n";
			showEnvVarsInLog = 0;
		};
		B5174B50D0B16F7DC41D5A7D /* [CP] Check Pods Manifest.lock */ = {
			isa = PBXShellScriptBuildPhase;
			buildActionMask = 2147483647;
			files = (
			);
			inputPaths = (
				"${PODS_PODFILE_DIR_PATH}/Podfile.lock",
				"${PODS_ROOT}/Manifest.lock",
			);
			name = "[CP] Check Pods Manifest.lock";
			outputPaths = (
				"$(DERIVED_FILE_DIR)/Pods-PPVideoPlayer-checkManifestLockResult.txt",
			);
			runOnlyForDeploymentPostprocessing = 0;
			shellPath = /bin/sh;
			shellScript = "diff \"${PODS_PODFILE_DIR_PATH}/Podfile.lock\" \"${PODS_ROOT}/Manifest.lock\" > /dev/null\nif [ $? != 0 ] ; then\n    # print error to STDERR\n    echo \"error: The sandbox is not in sync with the Podfile.lock. Run 'pod install' or update your CocoaPods installation.\" >&2\n    exit 1\nfi\n# This output is used by Xcode 'outputs' to avoid re-running this script phase.\necho \"SUCCESS\" > \"${SCRIPT_OUTPUT_FILE_0}\"\n";
			showEnvVarsInLog = 0;
		};
		C943F93188A05A65F2EE4526 /* [CP] Embed Pods Frameworks */ = {
			isa = PBXShellScriptBuildPhase;
			buildActionMask = 2147483647;
			files = (
			);
			inputPaths = (
				"${SRCROOT}/Pods/Target Support Files/Pods-PPVideoPlayer/Pods-PPVideoPlayer-frameworks.sh",
				"${PODS_ROOT}/NELivePlayer/LivePlayer_iOS_SDK_v1.9.1/NELivePlayerFramework.framework",
			);
			name = "[CP] Embed Pods Frameworks";
			outputPaths = (
				"${TARGET_BUILD_DIR}/${FRAMEWORKS_FOLDER_PATH}/NELivePlayerFramework.framework",
			);
			runOnlyForDeploymentPostprocessing = 0;
			shellPath = /bin/sh;
			shellScript = "\"${SRCROOT}/Pods/Target Support Files/Pods-PPVideoPlayer/Pods-PPVideoPlayer-frameworks.sh\"\n";
			showEnvVarsInLog = 0;
		};
/* End PBXShellScriptBuildPhase section */

/* Begin PBXSourcesBuildPhase section */
		728B90121E77F05A00E30C61 /* Sources */ = {
			isa = PBXSourcesBuildPhase;
			buildActionMask = 2147483647;
			files = (
				5AB64F1B20E2459E0098B89E /* OCBarrageCell.m in Sources */,
				728B90981E77F25400E30C61 /* PPVideoPlayerView.m in Sources */,
				5AB64F1F20E2459E0098B89E /* OCBarrageTrackInfo.m in Sources */,
				5AB64F2020E2459E0098B89E /* OCBarrageRenderView.m in Sources */,
				5AB64F1E20E2459E0098B89E /* OCBarrageManager.m in Sources */,
				5AB64F1920E2459E0098B89E /* OCBarrageTextCell.m in Sources */,
				728B909E1E77F3B700E30C61 /* Demo1ViewController.m in Sources */,
				5AB64F1A20E2459E0098B89E /* OCBarrageDescriptor.m in Sources */,
				728B90211E77F05A00E30C61 /* ViewController.m in Sources */,
				5AB64F1C20E2459E0098B89E /* OCBarrageTextDescriptor.m in Sources */,
				5AB64F1D20E2459E0098B89E /* CALayer+OCBarrage.m in Sources */,
				728B901E1E77F05A00E30C61 /* AppDelegate.m in Sources */,
				728B90A11E77F3BF00E30C61 /* Demo2ViewController.m in Sources */,
				728B901B1E77F05A00E30C61 /* main.m in Sources */,
			);
			runOnlyForDeploymentPostprocessing = 0;
		};
/* End PBXSourcesBuildPhase section */

/* Begin PBXVariantGroup section */
		728B90221E77F05A00E30C61 /* Main.storyboard */ = {
			isa = PBXVariantGroup;
			children = (
				728B90231E77F05A00E30C61 /* Base */,
			);
			name = Main.storyboard;
			sourceTree = "<group>";
		};
		728B90271E77F05A00E30C61 /* LaunchScreen.storyboard */ = {
			isa = PBXVariantGroup;
			children = (
				728B90281E77F05A00E30C61 /* Base */,
			);
			name = LaunchScreen.storyboard;
			sourceTree = "<group>";
		};
/* End PBXVariantGroup section */

/* Begin XCBuildConfiguration section */
		728B902B1E77F05A00E30C61 /* Debug */ = {
			isa = XCBuildConfiguration;
			buildSettings = {
				ALWAYS_SEARCH_USER_PATHS = NO;
				CLANG_ANALYZER_NONNULL = YES;
				CLANG_CXX_LANGUAGE_STANDARD = "gnu++0x";
				CLANG_CXX_LIBRARY = "libc++";
				CLANG_ENABLE_MODULES = YES;
				CLANG_ENABLE_OBJC_ARC = YES;
				CLANG_WARN_BOOL_CONVERSION = YES;
				CLANG_WARN_CONSTANT_CONVERSION = YES;
				CLANG_WARN_DIRECT_OBJC_ISA_USAGE = YES_ERROR;
				CLANG_WARN_DOCUMENTATION_COMMENTS = YES;
				CLANG_WARN_EMPTY_BODY = YES;
				CLANG_WARN_ENUM_CONVERSION = YES;
				CLANG_WARN_INFINITE_RECURSION = YES;
				CLANG_WARN_INT_CONVERSION = YES;
				CLANG_WARN_OBJC_ROOT_CLASS = YES_ERROR;
				CLANG_WARN_SUSPICIOUS_MOVE = YES;
				CLANG_WARN_UNREACHABLE_CODE = YES;
				CLANG_WARN__DUPLICATE_METHOD_MATCH = YES;
				"CODE_SIGN_IDENTITY[sdk=iphoneos*]" = "iPhone Developer";
				COPY_PHASE_STRIP = NO;
				DEBUG_INFORMATION_FORMAT = dwarf;
				ENABLE_STRICT_OBJC_MSGSEND = YES;
				ENABLE_TESTABILITY = YES;
				GCC_C_LANGUAGE_STANDARD = gnu99;
				GCC_DYNAMIC_NO_PIC = NO;
				GCC_NO_COMMON_BLOCKS = YES;
				GCC_OPTIMIZATION_LEVEL = 0;
				GCC_PREPROCESSOR_DEFINITIONS = (
					"DEBUG=1",
					"$(inherited)",
				);
				GCC_WARN_64_TO_32_BIT_CONVERSION = YES;
				GCC_WARN_ABOUT_RETURN_TYPE = YES_ERROR;
				GCC_WARN_UNDECLARED_SELECTOR = YES;
				GCC_WARN_UNINITIALIZED_AUTOS = YES_AGGRESSIVE;
				GCC_WARN_UNUSED_FUNCTION = YES;
				GCC_WARN_UNUSED_VARIABLE = YES;
				IPHONEOS_DEPLOYMENT_TARGET = 8.0;
				MTL_ENABLE_DEBUG_INFO = YES;
				ONLY_ACTIVE_ARCH = YES;
				SDKROOT = iphoneos;
			};
			name = Debug;
		};
		728B902C1E77F05A00E30C61 /* Release */ = {
			isa = XCBuildConfiguration;
			buildSettings = {
				ALWAYS_SEARCH_USER_PATHS = NO;
				CLANG_ANALYZER_NONNULL = YES;
				CLANG_CXX_LANGUAGE_STANDARD = "gnu++0x";
				CLANG_CXX_LIBRARY = "libc++";
				CLANG_ENABLE_MODULES = YES;
				CLANG_ENABLE_OBJC_ARC = YES;
				CLANG_WARN_BOOL_CONVERSION = YES;
				CLANG_WARN_CONSTANT_CONVERSION = YES;
				CLANG_WARN_DIRECT_OBJC_ISA_USAGE = YES_ERROR;
				CLANG_WARN_DOCUMENTATION_COMMENTS = YES;
				CLANG_WARN_EMPTY_BODY = YES;
				CLANG_WARN_ENUM_CONVERSION = YES;
				CLANG_WARN_INFINITE_RECURSION = YES;
				CLANG_WARN_INT_CONVERSION = YES;
				CLANG_WARN_OBJC_ROOT_CLASS = YES_ERROR;
				CLANG_WARN_SUSPICIOUS_MOVE = YES;
				CLANG_WARN_UNREACHABLE_CODE = YES;
				CLANG_WARN__DUPLICATE_METHOD_MATCH = YES;
				"CODE_SIGN_IDENTITY[sdk=iphoneos*]" = "iPhone Developer";
				COPY_PHASE_STRIP = NO;
				DEBUG_INFORMATION_FORMAT = "dwarf-with-dsym";
				ENABLE_NS_ASSERTIONS = NO;
				ENABLE_STRICT_OBJC_MSGSEND = YES;
				GCC_C_LANGUAGE_STANDARD = gnu99;
				GCC_NO_COMMON_BLOCKS = YES;
				GCC_WARN_64_TO_32_BIT_CONVERSION = YES;
				GCC_WARN_ABOUT_RETURN_TYPE = YES_ERROR;
				GCC_WARN_UNDECLARED_SELECTOR = YES;
				GCC_WARN_UNINITIALIZED_AUTOS = YES_AGGRESSIVE;
				GCC_WARN_UNUSED_FUNCTION = YES;
				GCC_WARN_UNUSED_VARIABLE = YES;
				IPHONEOS_DEPLOYMENT_TARGET = 8.0;
				MTL_ENABLE_DEBUG_INFO = NO;
				SDKROOT = iphoneos;
				VALIDATE_PRODUCT = YES;
			};
			name = Release;
		};
		728B902E1E77F05A00E30C61 /* Debug */ = {
			isa = XCBuildConfiguration;
			baseConfigurationReference = 4E941C5E0009BB152505D996 /* Pods-PPVideoPlayer.debug.xcconfig */;
			buildSettings = {
				ASSETCATALOG_COMPILER_APPICON_NAME = AppIcon;
				DEVELOPMENT_TEAM = F9UAGF98L6;
				HEADER_SEARCH_PATHS = "$(PROJECT_DIR)/PPVideoPlayer/PPVideoPlayer/LivePlayer/include";
				INFOPLIST_FILE = PPVideoPlayer/Info.plist;
				LD_RUNPATH_SEARCH_PATHS = "$(inherited) @executable_path/Frameworks";
				LIBRARY_SEARCH_PATHS = (
					"$(inherited)",
					"$(PROJECT_DIR)/PPVideoPlayer/PPVideoPlayer/LivePlayer/libs",
				);
				PRODUCT_BUNDLE_IDENTIFIER = com.xiaopin.PPVideoPlayer;
				PRODUCT_NAME = "$(TARGET_NAME)";
				VALID_ARCHS = "arm64 armv7";
			};
			name = Debug;
		};
		728B902F1E77F05A00E30C61 /* Release */ = {
			isa = XCBuildConfiguration;
			baseConfigurationReference = C9D75B015853D3C4720E3C65 /* Pods-PPVideoPlayer.release.xcconfig */;
			buildSettings = {
				ASSETCATALOG_COMPILER_APPICON_NAME = AppIcon;
				DEVELOPMENT_TEAM = F9UAGF98L6;
				HEADER_SEARCH_PATHS = "$(PROJECT_DIR)/PPVideoPlayer/PPVideoPlayer/LivePlayer/include";
				INFOPLIST_FILE = PPVideoPlayer/Info.plist;
				LD_RUNPATH_SEARCH_PATHS = "$(inherited) @executable_path/Frameworks";
				LIBRARY_SEARCH_PATHS = (
					"$(inherited)",
					"$(PROJECT_DIR)/PPVideoPlayer/PPVideoPlayer/LivePlayer/libs",
				);
				PRODUCT_BUNDLE_IDENTIFIER = com.xiaopin.PPVideoPlayer;
				PRODUCT_NAME = "$(TARGET_NAME)";
				VALID_ARCHS = "arm64 armv7";
			};
			name = Release;
		};
/* End XCBuildConfiguration section */

/* Begin XCConfigurationList section */
		728B90111E77F05A00E30C61 /* Build configuration list for PBXProject "PPVideoPlayer" */ = {
			isa = XCConfigurationList;
			buildConfigurations = (
				728B902B1E77F05A00E30C61 /* Debug */,
				728B902C1E77F05A00E30C61 /* Release */,
			);
			defaultConfigurationIsVisible = 0;
			defaultConfigurationName = Release;
		};
		728B902D1E77F05A00E30C61 /* Build configuration list for PBXNativeTarget "PPVideoPlayer" */ = {
			isa = XCConfigurationList;
			buildConfigurations = (
				728B902E1E77F05A00E30C61 /* Debug */,
				728B902F1E77F05A00E30C61 /* Release */,
			);
			defaultConfigurationIsVisible = 0;
			defaultConfigurationName = Release;
		};
/* End XCConfigurationList section */
	};
	rootObject = 728B900E1E77F05A00E30C61 /* Project object */;
}
