// !$*UTF8*$!
{
	archiveVersion = 1;
	classes = {
	};
	objectVersion = 55;
	objects = {

/* Begin PBXBuildFile section */
		734DDE7F768ED3D1FF0E6C7E /* libPods-PPVideoPlayer.a in Frameworks */ = {isa = PBXBuildFile; fileRef = 6DCEE4C6E94DF51590C157A3 /* libPods-PPVideoPlayer.a */; };
		A253A2B027561673003F3411 /* AppDelegate.m in Sources */ = {isa = PBXBuildFile; fileRef = A253A2AF27561673003F3411 /* AppDelegate.m */; };
		A253A2B627561673003F3411 /* ViewController.m in Sources */ = {isa = PBXBuildFile; fileRef = A253A2B527561673003F3411 /* ViewController.m */; };
		A253A2B927561673003F3411 /* Main.storyboard in Resources */ = {isa = PBXBuildFile; fileRef = A253A2B727561673003F3411 /* Main.storyboard */; };
		A253A2BB27561674003F3411 /* Assets.xcassets in Resources */ = {isa = PBXBuildFile; fileRef = A253A2BA27561674003F3411 /* Assets.xcassets */; };
		A253A2BE27561674003F3411 /* LaunchScreen.storyboard in Resources */ = {isa = PBXBuildFile; fileRef = A253A2BC27561674003F3411 /* LaunchScreen.storyboard */; };
		A253A2C127561674003F3411 /* main.m in Sources */ = {isa = PBXBuildFile; fileRef = A253A2C027561674003F3411 /* main.m */; };
		A253A2F227561732003F3411 /* PPPlayerControlView.m in Sources */ = {isa = PBXBuildFile; fileRef = A253A2C927561731003F3411 /* PPPlayerControlView.m */; };
		A253A2F327561732003F3411 /* BrightnessVolumeView.m in Sources */ = {isa = PBXBuildFile; fileRef = A253A2CD27561731003F3411 /* BrightnessVolumeView.m */; };
		A253A2F427561732003F3411 /* BVResource.bundle in Resources */ = {isa = PBXBuildFile; fileRef = A253A2CE27561731003F3411 /* BVResource.bundle */; };
		A253A2F527561732003F3411 /* BrightnessView.m in Sources */ = {isa = PBXBuildFile; fileRef = A253A2CF27561731003F3411 /* BrightnessView.m */; };
		A253A2F627561732003F3411 /* PPVideoPlayer.m in Sources */ = {isa = PBXBuildFile; fileRef = A253A2D027561731003F3411 /* PPVideoPlayer.m */; };
		A253A2F727561732003F3411 /* PPVideoPlayerView.m in Sources */ = {isa = PBXBuildFile; fileRef = A253A2D127561731003F3411 /* PPVideoPlayerView.m */; };
		A253A2F827561732003F3411 /* PPVideoPlayer.bundle in Resources */ = {isa = PBXBuildFile; fileRef = A253A2D327561731003F3411 /* PPVideoPlayer.bundle */; };
		A253A2F927561732003F3411 /* OCBarrageTextCell.m in Sources */ = {isa = PBXBuildFile; fileRef = A253A2DC27561731003F3411 /* OCBarrageTextCell.m */; };
		A253A2FA27561732003F3411 /* OCBarrageDescriptor.m in Sources */ = {isa = PBXBuildFile; fileRef = A253A2DD27561731003F3411 /* OCBarrageDescriptor.m */; };
		A253A2FB27561732003F3411 /* OCBarrageCell.m in Sources */ = {isa = PBXBuildFile; fileRef = A253A2DE27561731003F3411 /* OCBarrageCell.m */; };
		A253A2FC27561732003F3411 /* OCBarrageTextDescriptor.m in Sources */ = {isa = PBXBuildFile; fileRef = A253A2E027561731003F3411 /* OCBarrageTextDescriptor.m */; };
		A253A2FD27561732003F3411 /* CALayer+OCBarrage.m in Sources */ = {isa = PBXBuildFile; fileRef = A253A2E127561731003F3411 /* CALayer+OCBarrage.m */; };
		A253A2FE27561732003F3411 /* OCBarrageManager.m in Sources */ = {isa = PBXBuildFile; fileRef = A253A2E227561731003F3411 /* OCBarrageManager.m */; };
		A253A2FF27561732003F3411 /* OCBarrageTrackInfo.m in Sources */ = {isa = PBXBuildFile; fileRef = A253A2E327561731003F3411 /* OCBarrageTrackInfo.m */; };
		A253A30027561732003F3411 /* OCBarrageRenderView.m in Sources */ = {isa = PBXBuildFile; fileRef = A253A2E727561731003F3411 /* OCBarrageRenderView.m */; };
		A253A30127561732003F3411 /* Demo2ViewController.m in Sources */ = {isa = PBXBuildFile; fileRef = A253A2EA27561731003F3411 /* Demo2ViewController.m */; };
		A253A30327561732003F3411 /* Demo1ViewController.m in Sources */ = {isa = PBXBuildFile; fileRef = A253A2EC27561731003F3411 /* Demo1ViewController.m */; };
		A253A30527561732003F3411 /* cdvideo.mp4 in Resources */ = {isa = PBXBuildFile; fileRef = A253A2F127561732003F3411 /* cdvideo.mp4 */; };
		A253A30727561B2B003F3411 /* UIKit.framework in Frameworks */ = {isa = PBXBuildFile; fileRef = A253A30627561B2B003F3411 /* UIKit.framework */; };
		A253A30927561B33003F3411 /* AudioToolbox.framework in Frameworks */ = {isa = PBXBuildFile; fileRef = A253A30827561B33003F3411 /* AudioToolbox.framework */; };
		A253A30B27561B39003F3411 /* VideoToolbox.framework in Frameworks */ = {isa = PBXBuildFile; fileRef = A253A30A27561B39003F3411 /* VideoToolbox.framework */; };
		A253A30D27561B3F003F3411 /* AVFoundation.framework in Frameworks */ = {isa = PBXBuildFile; fileRef = A253A30C27561B3F003F3411 /* AVFoundation.framework */; };
		A253A30F27561B48003F3411 /* CoreMedia.framework in Frameworks */ = {isa = PBXBuildFile; fileRef = A253A30E27561B48003F3411 /* CoreMedia.framework */; };
		A253A31127561B4E003F3411 /* CoreGraphics.framework in Frameworks */ = {isa = PBXBuildFile; fileRef = A253A31027561B4E003F3411 /* CoreGraphics.framework */; };
		A253A31327561B54003F3411 /* CoreVideo.framework in Frameworks */ = {isa = PBXBuildFile; fileRef = A253A31227561B54003F3411 /* CoreVideo.framework */; };
		A253A31527561B5B003F3411 /* CoreAudio.framework in Frameworks */ = {isa = PBXBuildFile; fileRef = A253A31427561B5B003F3411 /* CoreAudio.framework */; };
		A253A31727561B63003F3411 /* QuartzCore.framework in Frameworks */ = {isa = PBXBuildFile; fileRef = A253A31627561B62003F3411 /* QuartzCore.framework */; };
		A253A31927561B69003F3411 /* OpenGLES.framework in Frameworks */ = {isa = PBXBuildFile; fileRef = A253A31827561B69003F3411 /* OpenGLES.framework */; };
		A253A31B27561B70003F3411 /* Foundation.framework in Frameworks */ = {isa = PBXBuildFile; fileRef = A253A31A27561B70003F3411 /* Foundation.framework */; };
		A253A31D27561B76003F3411 /* libiconv.tbd in Frameworks */ = {isa = PBXBuildFile; fileRef = A253A31C27561B76003F3411 /* libiconv.tbd */; };
		A253A31F27561B85003F3411 /* libbz2.tbd in Frameworks */ = {isa = PBXBuildFile; fileRef = A253A31E27561B85003F3411 /* libbz2.tbd */; };
		A253A32127561B8A003F3411 /* libz.tbd in Frameworks */ = {isa = PBXBuildFile; fileRef = A253A32027561B8A003F3411 /* libz.tbd */; };
		A253A32327561B90003F3411 /* CFNetwork.framework in Frameworks */ = {isa = PBXBuildFile; fileRef = A253A32227561B90003F3411 /* CFNetwork.framework */; };
		A253A32527561B96003F3411 /* CoreTelephony.framework in Frameworks */ = {isa = PBXBuildFile; fileRef = A253A32427561B96003F3411 /* CoreTelephony.framework */; };
		A253A32727561B9C003F3411 /* SystemConfiguration.framework in Frameworks */ = {isa = PBXBuildFile; fileRef = A253A32627561B9C003F3411 /* SystemConfiguration.framework */; };
/* End PBXBuildFile section */

/* Begin PBXFileReference section */
		6DCEE4C6E94DF51590C157A3 /* libPods-PPVideoPlayer.a */ = {isa = PBXFileReference; explicitFileType = archive.ar; includeInIndex = 0; path = "libPods-PPVideoPlayer.a"; sourceTree = BUILT_PRODUCTS_DIR; };
		7E78290923F01F53E74DAA40 /* Pods-PPVideoPlayer.release.xcconfig */ = {isa = PBXFileReference; includeInIndex = 1; lastKnownFileType = text.xcconfig; name = "Pods-PPVideoPlayer.release.xcconfig"; path = "Target Support Files/Pods-PPVideoPlayer/Pods-PPVideoPlayer.release.xcconfig"; sourceTree = "<group>"; };
		A253A2AB27561673003F3411 /* PPVideoPlayer.app */ = {isa = PBXFileReference; explicitFileType = wrapper.application; includeInIndex = 0; path = PPVideoPlayer.app; sourceTree = BUILT_PRODUCTS_DIR; };
		A253A2AE27561673003F3411 /* AppDelegate.h */ = {isa = PBXFileReference; lastKnownFileType = sourcecode.c.h; path = AppDelegate.h; sourceTree = "<group>"; };
		A253A2AF27561673003F3411 /* AppDelegate.m */ = {isa = PBXFileReference; lastKnownFileType = sourcecode.c.objc; path = AppDelegate.m; sourceTree = "<group>"; };
		A253A2B427561673003F3411 /* ViewController.h */ = {isa = PBXFileReference; lastKnownFileType = sourcecode.c.h; path = ViewController.h; sourceTree = "<group>"; };
		A253A2B527561673003F3411 /* ViewController.m */ = {isa = PBXFileReference; lastKnownFileType = sourcecode.c.objc; path = ViewController.m; sourceTree = "<group>"; };
		A253A2B827561673003F3411 /* Base */ = {isa = PBXFileReference; lastKnownFileType = file.storyboard; name = Base; path = Base.lproj/Main.storyboard; sourceTree = "<group>"; };
		A253A2BA27561674003F3411 /* Assets.xcassets */ = {isa = PBXFileReference; lastKnownFileType = folder.assetcatalog; path = Assets.xcassets; sourceTree = "<group>"; };
		A253A2BD27561674003F3411 /* Base */ = {isa = PBXFileReference; lastKnownFileType = file.storyboard; name = Base; path = Base.lproj/LaunchScreen.storyboard; sourceTree = "<group>"; };
		A253A2BF27561674003F3411 /* Info.plist */ = {isa = PBXFileReference; lastKnownFileType = text.plist.xml; path = Info.plist; sourceTree = "<group>"; };
		A253A2C027561674003F3411 /* main.m */ = {isa = PBXFileReference; lastKnownFileType = sourcecode.c.objc; path = main.m; sourceTree = "<group>"; };
		A253A2C727561731003F3411 /* Demo1ViewController.h */ = {isa = PBXFileReference; fileEncoding = 4; lastKnownFileType = sourcecode.c.h; path = Demo1ViewController.h; sourceTree = "<group>"; };
		A253A2C927561731003F3411 /* PPPlayerControlView.m */ = {isa = PBXFileReference; fileEncoding = 4; lastKnownFileType = sourcecode.c.objc; path = PPPlayerControlView.m; sourceTree = "<group>"; };
		A253A2CB27561731003F3411 /* BrightnessVolumeView.h */ = {isa = PBXFileReference; fileEncoding = 4; lastKnownFileType = sourcecode.c.h; path = BrightnessVolumeView.h; sourceTree = "<group>"; };
		A253A2CC27561731003F3411 /* BrightnessView.h */ = {isa = PBXFileReference; fileEncoding = 4; lastKnownFileType = sourcecode.c.h; path = BrightnessView.h; sourceTree = "<group>"; };
		A253A2CD27561731003F3411 /* BrightnessVolumeView.m */ = {isa = PBXFileReference; fileEncoding = 4; lastKnownFileType = sourcecode.c.objc; path = BrightnessVolumeView.m; sourceTree = "<group>"; };
		A253A2CE27561731003F3411 /* BVResource.bundle */ = {isa = PBXFileReference; lastKnownFileType = "wrapper.plug-in"; path = BVResource.bundle; sourceTree = "<group>"; };
		A253A2CF27561731003F3411 /* BrightnessView.m */ = {isa = PBXFileReference; fileEncoding = 4; lastKnownFileType = sourcecode.c.objc; path = BrightnessView.m; sourceTree = "<group>"; };
		A253A2D027561731003F3411 /* PPVideoPlayer.m */ = {isa = PBXFileReference; fileEncoding = 4; lastKnownFileType = sourcecode.c.objc; path = PPVideoPlayer.m; sourceTree = "<group>"; };
		A253A2D127561731003F3411 /* PPVideoPlayerView.m */ = {isa = PBXFileReference; fileEncoding = 4; lastKnownFileType = sourcecode.c.objc; path = PPVideoPlayerView.m; sourceTree = "<group>"; };
		A253A2D227561731003F3411 /* PPPlayerControlView.h */ = {isa = PBXFileReference; fileEncoding = 4; lastKnownFileType = sourcecode.c.h; path = PPPlayerControlView.h; sourceTree = "<group>"; };
		A253A2D327561731003F3411 /* PPVideoPlayer.bundle */ = {isa = PBXFileReference; lastKnownFileType = "wrapper.plug-in"; path = PPVideoPlayer.bundle; sourceTree = "<group>"; };
		A253A2D427561731003F3411 /* PPVideoPlayerEnum.h */ = {isa = PBXFileReference; fileEncoding = 4; lastKnownFileType = sourcecode.c.h; path = PPVideoPlayerEnum.h; sourceTree = "<group>"; };
		A253A2D527561731003F3411 /* PPVideoPlayerView.h */ = {isa = PBXFileReference; fileEncoding = 4; lastKnownFileType = sourcecode.c.h; path = PPVideoPlayerView.h; sourceTree = "<group>"; };
		A253A2D627561731003F3411 /* PPVideoPlayer.h */ = {isa = PBXFileReference; fileEncoding = 4; lastKnownFileType = sourcecode.c.h; path = PPVideoPlayer.h; sourceTree = "<group>"; };
		A253A2D827561731003F3411 /* CALayer+OCBarrage.h */ = {isa = PBXFileReference; fileEncoding = 4; lastKnownFileType = sourcecode.c.h; path = "CALayer+OCBarrage.h"; sourceTree = "<group>"; };
		A253A2D927561731003F3411 /* OCBarrageTextDescriptor.h */ = {isa = PBXFileReference; fileEncoding = 4; lastKnownFileType = sourcecode.c.h; path = OCBarrageTextDescriptor.h; sourceTree = "<group>"; };
		A253A2DA27561731003F3411 /* OCBarrageTrackInfo.h */ = {isa = PBXFileReference; fileEncoding = 4; lastKnownFileType = sourcecode.c.h; path = OCBarrageTrackInfo.h; sourceTree = "<group>"; };
		A253A2DB27561731003F3411 /* OCBarrageManager.h */ = {isa = PBXFileReference; fileEncoding = 4; lastKnownFileType = sourcecode.c.h; path = OCBarrageManager.h; sourceTree = "<group>"; };
		A253A2DC27561731003F3411 /* OCBarrageTextCell.m */ = {isa = PBXFileReference; fileEncoding = 4; lastKnownFileType = sourcecode.c.objc; path = OCBarrageTextCell.m; sourceTree = "<group>"; };
		A253A2DD27561731003F3411 /* OCBarrageDescriptor.m */ = {isa = PBXFileReference; fileEncoding = 4; lastKnownFileType = sourcecode.c.objc; path = OCBarrageDescriptor.m; sourceTree = "<group>"; };
		A253A2DE27561731003F3411 /* OCBarrageCell.m */ = {isa = PBXFileReference; fileEncoding = 4; lastKnownFileType = sourcecode.c.objc; path = OCBarrageCell.m; sourceTree = "<group>"; };
		A253A2DF27561731003F3411 /* OCBarrageRenderView.h */ = {isa = PBXFileReference; fileEncoding = 4; lastKnownFileType = sourcecode.c.h; path = OCBarrageRenderView.h; sourceTree = "<group>"; };
		A253A2E027561731003F3411 /* OCBarrageTextDescriptor.m */ = {isa = PBXFileReference; fileEncoding = 4; lastKnownFileType = sourcecode.c.objc; path = OCBarrageTextDescriptor.m; sourceTree = "<group>"; };
		A253A2E127561731003F3411 /* CALayer+OCBarrage.m */ = {isa = PBXFileReference; fileEncoding = 4; lastKnownFileType = sourcecode.c.objc; path = "CALayer+OCBarrage.m"; sourceTree = "<group>"; };
		A253A2E227561731003F3411 /* OCBarrageManager.m */ = {isa = PBXFileReference; fileEncoding = 4; lastKnownFileType = sourcecode.c.objc; path = OCBarrageManager.m; sourceTree = "<group>"; };
		A253A2E327561731003F3411 /* OCBarrageTrackInfo.m */ = {isa = PBXFileReference; fileEncoding = 4; lastKnownFileType = sourcecode.c.objc; path = OCBarrageTrackInfo.m; sourceTree = "<group>"; };
		A253A2E427561731003F3411 /* OCBarrage.h */ = {isa = PBXFileReference; fileEncoding = 4; lastKnownFileType = sourcecode.c.h; path = OCBarrage.h; sourceTree = "<group>"; };
		A253A2E527561731003F3411 /* OCBarrageTextCell.h */ = {isa = PBXFileReference; fileEncoding = 4; lastKnownFileType = sourcecode.c.h; path = OCBarrageTextCell.h; sourceTree = "<group>"; };
		A253A2E627561731003F3411 /* OCBarrageHeader.h */ = {isa = PBXFileReference; fileEncoding = 4; lastKnownFileType = sourcecode.c.h; path = OCBarrageHeader.h; sourceTree = "<group>"; };
		A253A2E727561731003F3411 /* OCBarrageRenderView.m */ = {isa = PBXFileReference; fileEncoding = 4; lastKnownFileType = sourcecode.c.objc; path = OCBarrageRenderView.m; sourceTree = "<group>"; };
		A253A2E827561731003F3411 /* OCBarrageCell.h */ = {isa = PBXFileReference; fileEncoding = 4; lastKnownFileType = sourcecode.c.h; path = OCBarrageCell.h; sourceTree = "<group>"; };
		A253A2E927561731003F3411 /* OCBarrageDescriptor.h */ = {isa = PBXFileReference; fileEncoding = 4; lastKnownFileType = sourcecode.c.h; path = OCBarrageDescriptor.h; sourceTree = "<group>"; };
		A253A2EA27561731003F3411 /* Demo2ViewController.m */ = {isa = PBXFileReference; fileEncoding = 4; lastKnownFileType = sourcecode.c.objc; path = Demo2ViewController.m; sourceTree = "<group>"; };
		A253A2EC27561731003F3411 /* Demo1ViewController.m */ = {isa = PBXFileReference; fileEncoding = 4; lastKnownFileType = sourcecode.c.objc; path = Demo1ViewController.m; sourceTree = "<group>"; };
		A253A2EE27561731003F3411 /* Demo2ViewController.h */ = {isa = PBXFileReference; fileEncoding = 4; lastKnownFileType = sourcecode.c.h; path = Demo2ViewController.h; sourceTree = "<group>"; };
		A253A2F127561732003F3411 /* cdvideo.mp4 */ = {isa = PBXFileReference; lastKnownFileType = file; path = cdvideo.mp4; sourceTree = "<group>"; };
		A253A30627561B2B003F3411 /* UIKit.framework */ = {isa = PBXFileReference; lastKnownFileType = wrapper.framework; name = UIKit.framework; path = System/Library/Frameworks/UIKit.framework; sourceTree = SDKROOT; };
		A253A30827561B33003F3411 /* AudioToolbox.framework */ = {isa = PBXFileReference; lastKnownFileType = wrapper.framework; name = AudioToolbox.framework; path = System/Library/Frameworks/AudioToolbox.framework; sourceTree = SDKROOT; };
		A253A30A27561B39003F3411 /* VideoToolbox.framework */ = {isa = PBXFileReference; lastKnownFileType = wrapper.framework; name = VideoToolbox.framework; path = System/Library/Frameworks/VideoToolbox.framework; sourceTree = SDKROOT; };
		A253A30C27561B3F003F3411 /* AVFoundation.framework */ = {isa = PBXFileReference; lastKnownFileType = wrapper.framework; name = AVFoundation.framework; path = System/Library/Frameworks/AVFoundation.framework; sourceTree = SDKROOT; };
		A253A30E27561B48003F3411 /* CoreMedia.framework */ = {isa = PBXFileReference; lastKnownFileType = wrapper.framework; name = CoreMedia.framework; path = System/Library/Frameworks/CoreMedia.framework; sourceTree = SDKROOT; };
		A253A31027561B4E003F3411 /* CoreGraphics.framework */ = {isa = PBXFileReference; lastKnownFileType = wrapper.framework; name = CoreGraphics.framework; path = System/Library/Frameworks/CoreGraphics.framework; sourceTree = SDKROOT; };
		A253A31227561B54003F3411 /* CoreVideo.framework */ = {isa = PBXFileReference; lastKnownFileType = wrapper.framework; name = CoreVideo.framework; path = System/Library/Frameworks/CoreVideo.framework; sourceTree = SDKROOT; };
		A253A31427561B5B003F3411 /* CoreAudio.framework */ = {isa = PBXFileReference; lastKnownFileType = wrapper.framework; name = CoreAudio.framework; path = System/Library/Frameworks/CoreAudio.framework; sourceTree = SDKROOT; };
		A253A31627561B62003F3411 /* QuartzCore.framework */ = {isa = PBXFileReference; lastKnownFileType = wrapper.framework; name = QuartzCore.framework; path = System/Library/Frameworks/QuartzCore.framework; sourceTree = SDKROOT; };
		A253A31827561B69003F3411 /* OpenGLES.framework */ = {isa = PBXFileReference; lastKnownFileType = wrapper.framework; name = OpenGLES.framework; path = System/Library/Frameworks/OpenGLES.framework; sourceTree = SDKROOT; };
		A253A31A27561B70003F3411 /* Foundation.framework */ = {isa = PBXFileReference; lastKnownFileType = wrapper.framework; name = Foundation.framework; path = System/Library/Frameworks/Foundation.framework; sourceTree = SDKROOT; };
		A253A31C27561B76003F3411 /* libiconv.tbd */ = {isa = PBXFileReference; lastKnownFileType = "sourcecode.text-based-dylib-definition"; name = libiconv.tbd; path = usr/lib/libiconv.tbd; sourceTree = SDKROOT; };
		A253A31E27561B85003F3411 /* libbz2.tbd */ = {isa = PBXFileReference; lastKnownFileType = "sourcecode.text-based-dylib-definition"; name = libbz2.tbd; path = usr/lib/libbz2.tbd; sourceTree = SDKROOT; };
		A253A32027561B8A003F3411 /* libz.tbd */ = {isa = PBXFileReference; lastKnownFileType = "sourcecode.text-based-dylib-definition"; name = libz.tbd; path = usr/lib/libz.tbd; sourceTree = SDKROOT; };
		A253A32227561B90003F3411 /* CFNetwork.framework */ = {isa = PBXFileReference; lastKnownFileType = wrapper.framework; name = CFNetwork.framework; path = System/Library/Frameworks/CFNetwork.framework; sourceTree = SDKROOT; };
		A253A32427561B96003F3411 /* CoreTelephony.framework */ = {isa = PBXFileReference; lastKnownFileType = wrapper.framework; name = CoreTelephony.framework; path = System/Library/Frameworks/CoreTelephony.framework; sourceTree = SDKROOT; };
		A253A32627561B9C003F3411 /* SystemConfiguration.framework */ = {isa = PBXFileReference; lastKnownFileType = wrapper.framework; name = SystemConfiguration.framework; path = System/Library/Frameworks/SystemConfiguration.framework; sourceTree = SDKROOT; };
		D0734ECE8486907F4CC53A07 /* Pods-PPVideoPlayer.debug.xcconfig */ = {isa = PBXFileReference; includeInIndex = 1; lastKnownFileType = text.xcconfig; name = "Pods-PPVideoPlayer.debug.xcconfig"; path = "Target Support Files/Pods-PPVideoPlayer/Pods-PPVideoPlayer.debug.xcconfig"; sourceTree = "<group>"; };
/* End PBXFileReference section */

/* Begin PBXFrameworksBuildPhase section */
		A253A2A827561673003F3411 /* Frameworks */ = {
			isa = PBXFrameworksBuildPhase;
			buildActionMask = 2147483647;
			files = (
				A253A32727561B9C003F3411 /* SystemConfiguration.framework in Frameworks */,
				A253A32527561B96003F3411 /* CoreTelephony.framework in Frameworks */,
				A253A32327561B90003F3411 /* CFNetwork.framework in Frameworks */,
				A253A32127561B8A003F3411 /* libz.tbd in Frameworks */,
				A253A31F27561B85003F3411 /* libbz2.tbd in Frameworks */,
				A253A31D27561B76003F3411 /* libiconv.tbd in Frameworks */,
				A253A31B27561B70003F3411 /* Foundation.framework in Frameworks */,
				A253A31927561B69003F3411 /* OpenGLES.framework in Frameworks */,
				A253A31727561B63003F3411 /* QuartzCore.framework in Frameworks */,
				A253A31527561B5B003F3411 /* CoreAudio.framework in Frameworks */,
				A253A31327561B54003F3411 /* CoreVideo.framework in Frameworks */,
				A253A31127561B4E003F3411 /* CoreGraphics.framework in Frameworks */,
				A253A30F27561B48003F3411 /* CoreMedia.framework in Frameworks */,
				A253A30D27561B3F003F3411 /* AVFoundation.framework in Frameworks */,
				A253A30B27561B39003F3411 /* VideoToolbox.framework in Frameworks */,
				A253A30927561B33003F3411 /* AudioToolbox.framework in Frameworks */,
				A253A30727561B2B003F3411 /* UIKit.framework in Frameworks */,
				734DDE7F768ED3D1FF0E6C7E /* libPods-PPVideoPlayer.a in Frameworks */,
			);
			runOnlyForDeploymentPostprocessing = 0;
		};
/* End PBXFrameworksBuildPhase section */

/* Begin PBXGroup section */
		43EA43E2B7A9F196DE8BDC60 /* Frameworks */ = {
			isa = PBXGroup;
			children = (
				A253A32627561B9C003F3411 /* SystemConfiguration.framework */,
				A253A32427561B96003F3411 /* CoreTelephony.framework */,
				A253A32227561B90003F3411 /* CFNetwork.framework */,
				A253A32027561B8A003F3411 /* libz.tbd */,
				A253A31E27561B85003F3411 /* libbz2.tbd */,
				A253A31C27561B76003F3411 /* libiconv.tbd */,
				A253A31A27561B70003F3411 /* Foundation.framework */,
				A253A31827561B69003F3411 /* OpenGLES.framework */,
				A253A31627561B62003F3411 /* QuartzCore.framework */,
				A253A31427561B5B003F3411 /* CoreAudio.framework */,
				A253A31227561B54003F3411 /* CoreVideo.framework */,
				A253A31027561B4E003F3411 /* CoreGraphics.framework */,
				A253A30E27561B48003F3411 /* CoreMedia.framework */,
				A253A30C27561B3F003F3411 /* AVFoundation.framework */,
				A253A30A27561B39003F3411 /* VideoToolbox.framework */,
				A253A30827561B33003F3411 /* AudioToolbox.framework */,
				A253A30627561B2B003F3411 /* UIKit.framework */,
				6DCEE4C6E94DF51590C157A3 /* libPods-PPVideoPlayer.a */,
			);
			name = Frameworks;
			sourceTree = "<group>";
		};
		A253A2A227561673003F3411 = {
			isa = PBXGroup;
			children = (
				A253A2AD27561673003F3411 /* PPVideoPlayer */,
				A253A2AC27561673003F3411 /* Products */,
				FBB61E10550500F935456934 /* Pods */,
				43EA43E2B7A9F196DE8BDC60 /* Frameworks */,
			);
			sourceTree = "<group>";
		};
		A253A2AC27561673003F3411 /* Products */ = {
			isa = PBXGroup;
			children = (
				A253A2AB27561673003F3411 /* PPVideoPlayer.app */,
			);
			name = Products;
			sourceTree = "<group>";
		};
		A253A2AD27561673003F3411 /* PPVideoPlayer */ = {
			isa = PBXGroup;
			children = (
				A253A2AE27561673003F3411 /* AppDelegate.h */,
				A253A2AF27561673003F3411 /* AppDelegate.m */,
				A253A2B427561673003F3411 /* ViewController.h */,
				A253A2B527561673003F3411 /* ViewController.m */,
				A253A2C827561731003F3411 /* PPVideoPlayer */,
				A253A2F127561732003F3411 /* cdvideo.mp4 */,
				A253A2C727561731003F3411 /* Demo1ViewController.h */,
				A253A2EC27561731003F3411 /* Demo1ViewController.m */,
				A253A2EE27561731003F3411 /* Demo2ViewController.h */,
				A253A2EA27561731003F3411 /* Demo2ViewController.m */,
				A253A2B727561673003F3411 /* Main.storyboard */,
				A253A2BA27561674003F3411 /* Assets.xcassets */,
				A253A2BC27561674003F3411 /* LaunchScreen.storyboard */,
				A253A2BF27561674003F3411 /* Info.plist */,
				A253A2C027561674003F3411 /* main.m */,
			);
			path = PPVideoPlayer;
			sourceTree = "<group>";
		};
		A253A2C827561731003F3411 /* PPVideoPlayer */ = {
			isa = PBXGroup;
			children = (
				A253A2CA27561731003F3411 /* BrightnessVolumeView */,
				A253A2D727561731003F3411 /* OCBarrage */,
				A253A2D227561731003F3411 /* PPPlayerControlView.h */,
				A253A2C927561731003F3411 /* PPPlayerControlView.m */,
				A253A2D327561731003F3411 /* PPVideoPlayer.bundle */,
				A253A2D627561731003F3411 /* PPVideoPlayer.h */,
				A253A2D027561731003F3411 /* PPVideoPlayer.m */,
				A253A2D427561731003F3411 /* PPVideoPlayerEnum.h */,
				A253A2D527561731003F3411 /* PPVideoPlayerView.h */,
				A253A2D127561731003F3411 /* PPVideoPlayerView.m */,
			);
			path = PPVideoPlayer;
			sourceTree = "<group>";
		};
		A253A2CA27561731003F3411 /* BrightnessVolumeView */ = {
			isa = PBXGroup;
			children = (
				A253A2CB27561731003F3411 /* BrightnessVolumeView.h */,
				A253A2CC27561731003F3411 /* BrightnessView.h */,
				A253A2CD27561731003F3411 /* BrightnessVolumeView.m */,
				A253A2CE27561731003F3411 /* BVResource.bundle */,
				A253A2CF27561731003F3411 /* BrightnessView.m */,
			);
			path = BrightnessVolumeView;
			sourceTree = "<group>";
		};
		A253A2D727561731003F3411 /* OCBarrage */ = {
			isa = PBXGroup;
			children = (
				A253A2D827561731003F3411 /* CALayer+OCBarrage.h */,
				A253A2D927561731003F3411 /* OCBarrageTextDescriptor.h */,
				A253A2DA27561731003F3411 /* OCBarrageTrackInfo.h */,
				A253A2DB27561731003F3411 /* OCBarrageManager.h */,
				A253A2DC27561731003F3411 /* OCBarrageTextCell.m */,
				A253A2DD27561731003F3411 /* OCBarrageDescriptor.m */,
				A253A2DE27561731003F3411 /* OCBarrageCell.m */,
				A253A2DF27561731003F3411 /* OCBarrageRenderView.h */,
				A253A2E027561731003F3411 /* OCBarrageTextDescriptor.m */,
				A253A2E127561731003F3411 /* CALayer+OCBarrage.m */,
				A253A2E227561731003F3411 /* OCBarrageManager.m */,
				A253A2E327561731003F3411 /* OCBarrageTrackInfo.m */,
				A253A2E427561731003F3411 /* OCBarrage.h */,
				A253A2E527561731003F3411 /* OCBarrageTextCell.h */,
				A253A2E627561731003F3411 /* OCBarrageHeader.h */,
				A253A2E727561731003F3411 /* OCBarrageRenderView.m */,
				A253A2E827561731003F3411 /* OCBarrageCell.h */,
				A253A2E927561731003F3411 /* OCBarrageDescriptor.h */,
			);
			path = OCBarrage;
			sourceTree = "<group>";
		};
		FBB61E10550500F935456934 /* Pods */ = {
			isa = PBXGroup;
			children = (
				D0734ECE8486907F4CC53A07 /* Pods-PPVideoPlayer.debug.xcconfig */,
				7E78290923F01F53E74DAA40 /* Pods-PPVideoPlayer.release.xcconfig */,
			);
			path = Pods;
			sourceTree = "<group>";
		};
/* End PBXGroup section */

/* Begin PBXNativeTarget section */
		A253A2AA27561673003F3411 /* PPVideoPlayer */ = {
			isa = PBXNativeTarget;
			buildConfigurationList = A253A2C427561674003F3411 /* Build configuration list for PBXNativeTarget "PPVideoPlayer" */;
			buildPhases = (
				30FCC7352F0BBB169E798E54 /* [CP] Check Pods Manifest.lock */,
				A253A2A727561673003F3411 /* Sources */,
				A253A2A827561673003F3411 /* Frameworks */,
				A253A2A927561673003F3411 /* Resources */,
				FD128F57D798A4A21DFE8804 /* [CP] Embed Pods Frameworks */,
			);
			buildRules = (
			);
			dependencies = (
			);
			name = PPVideoPlayer;
			productName = PPVideoPlayer;
			productReference = A253A2AB27561673003F3411 /* PPVideoPlayer.app */;
			productType = "com.apple.product-type.application";
		};
/* End PBXNativeTarget section */

/* Begin PBXProject section */
		A253A2A327561673003F3411 /* Project object */ = {
			isa = PBXProject;
			attributes = {
				BuildIndependentTargetsInParallel = 1;
				LastUpgradeCheck = 1310;
				TargetAttributes = {
					A253A2AA27561673003F3411 = {
						CreatedOnToolsVersion = 13.1;
					};
				};
			};
			buildConfigurationList = A253A2A627561673003F3411 /* Build configuration list for PBXProject "PPVideoPlayer" */;
			compatibilityVersion = "Xcode 13.0";
			developmentRegion = en;
			hasScannedForEncodings = 0;
			knownRegions = (
				en,
				Base,
			);
			mainGroup = A253A2A227561673003F3411;
			productRefGroup = A253A2AC27561673003F3411 /* Products */;
			projectDirPath = "";
			projectRoot = "";
			targets = (
				A253A2AA27561673003F3411 /* PPVideoPlayer */,
			);
		};
/* End PBXProject section */

/* Begin PBXResourcesBuildPhase section */
		A253A2A927561673003F3411 /* Resources */ = {
			isa = PBXResourcesBuildPhase;
			buildActionMask = 2147483647;
			files = (
				A253A30527561732003F3411 /* cdvideo.mp4 in Resources */,
				A253A2BE27561674003F3411 /* LaunchScreen.storyboard in Resources */,
				A253A2F427561732003F3411 /* BVResource.bundle in Resources */,
				A253A2F827561732003F3411 /* PPVideoPlayer.bundle in Resources */,
				A253A2BB27561674003F3411 /* Assets.xcassets in Resources */,
				A253A2B927561673003F3411 /* Main.storyboard in Resources */,
			);
			runOnlyForDeploymentPostprocessing = 0;
		};
/* End PBXResourcesBuildPhase section */

/* Begin PBXShellScriptBuildPhase section */
		30FCC7352F0BBB169E798E54 /* [CP] Check Pods Manifest.lock */ = {
			isa = PBXShellScriptBuildPhase;
			buildActionMask = 2147483647;
			files = (
			);
			inputFileListPaths = (
			);
			inputPaths = (
				"${PODS_PODFILE_DIR_PATH}/Podfile.lock",
				"${PODS_ROOT}/Manifest.lock",
			);
			name = "[CP] Check Pods Manifest.lock";
			outputFileListPaths = (
			);
			outputPaths = (
				"$(DERIVED_FILE_DIR)/Pods-PPVideoPlayer-checkManifestLockResult.txt",
			);
			runOnlyForDeploymentPostprocessing = 0;
			shellPath = /bin/sh;
			shellScript = "diff \"${PODS_PODFILE_DIR_PATH}/Podfile.lock\" \"${PODS_ROOT}/Manifest.lock\" > /dev/null\nif [ $? != 0 ] ; then\n    # print error to STDERR\n    echo \"error: The sandbox is not in sync with the Podfile.lock. Run 'pod install' or update your CocoaPods installation.\" >&2\n    exit 1\nfi\n# This output is used by Xcode 'outputs' to avoid re-running this script phase.\necho \"SUCCESS\" > \"${SCRIPT_OUTPUT_FILE_0}\"\n";
			showEnvVarsInLog = 0;
		};
		FD128F57D798A4A21DFE8804 /* [CP] Embed Pods Frameworks */ = {
			isa = PBXShellScriptBuildPhase;
			buildActionMask = 2147483647;
			files = (
			);
			inputFileListPaths = (
				"${PODS_ROOT}/Target Support Files/Pods-PPVideoPlayer/Pods-PPVideoPlayer-frameworks-${CONFIGURATION}-input-files.xcfilelist",
			);
			name = "[CP] Embed Pods Frameworks";
			outputFileListPaths = (
				"${PODS_ROOT}/Target Support Files/Pods-PPVideoPlayer/Pods-PPVideoPlayer-frameworks-${CONFIGURATION}-output-files.xcfilelist",
			);
			runOnlyForDeploymentPostprocessing = 0;
			shellPath = /bin/sh;
			shellScript = "\"${PODS_ROOT}/Target Support Files/Pods-PPVideoPlayer/Pods-PPVideoPlayer-frameworks.sh\"\n";
			showEnvVarsInLog = 0;
		};
/* End PBXShellScriptBuildPhase section */

/* Begin PBXSourcesBuildPhase section */
		A253A2A727561673003F3411 /* Sources */ = {
			isa = PBXSourcesBuildPhase;
			buildActionMask = 2147483647;
			files = (
				A253A2FB27561732003F3411 /* OCBarrageCell.m in Sources */,
				A253A30027561732003F3411 /* OCBarrageRenderView.m in Sources */,
				A253A2B627561673003F3411 /* ViewController.m in Sources */,
				A253A2FD27561732003F3411 /* CALayer+OCBarrage.m in Sources */,
				A253A2FA27561732003F3411 /* OCBarrageDescriptor.m in Sources */,
				A253A2F527561732003F3411 /* BrightnessView.m in Sources */,
				A253A30127561732003F3411 /* Demo2ViewController.m in Sources */,
				A253A2B027561673003F3411 /* AppDelegate.m in Sources */,
				A253A2FF27561732003F3411 /* OCBarrageTrackInfo.m in Sources */,
				A253A2FC27561732003F3411 /* OCBarrageTextDescriptor.m in Sources */,
				A253A2F227561732003F3411 /* PPPlayerControlView.m in Sources */,
				A253A2C127561674003F3411 /* main.m in Sources */,
				A253A2F627561732003F3411 /* PPVideoPlayer.m in Sources */,
				A253A2F927561732003F3411 /* OCBarrageTextCell.m in Sources */,
				A253A2FE27561732003F3411 /* OCBarrageManager.m in Sources */,
				A253A30327561732003F3411 /* Demo1ViewController.m in Sources */,
				A253A2F327561732003F3411 /* BrightnessVolumeView.m in Sources */,
				A253A2F727561732003F3411 /* PPVideoPlayerView.m in Sources */,
			);
			runOnlyForDeploymentPostprocessing = 0;
		};
/* End PBXSourcesBuildPhase section */

/* Begin PBXVariantGroup section */
		A253A2B727561673003F3411 /* Main.storyboard */ = {
			isa = PBXVariantGroup;
			children = (
				A253A2B827561673003F3411 /* Base */,
			);
			name = Main.storyboard;
			sourceTree = "<group>";
		};
		A253A2BC27561674003F3411 /* LaunchScreen.storyboard */ = {
			isa = PBXVariantGroup;
			children = (
				A253A2BD27561674003F3411 /* Base */,
			);
			name = LaunchScreen.storyboard;
			sourceTree = "<group>";
		};
/* End PBXVariantGroup section */

/* Begin XCBuildConfiguration section */
		A253A2C227561674003F3411 /* Debug */ = {
			isa = XCBuildConfiguration;
			buildSettings = {
				ALWAYS_SEARCH_USER_PATHS = NO;
				CLANG_ANALYZER_NONNULL = YES;
				CLANG_ANALYZER_NUMBER_OBJECT_CONVERSION = YES_AGGRESSIVE;
				CLANG_CXX_LANGUAGE_STANDARD = "gnu++17";
				CLANG_CXX_LIBRARY = "libc++";
				CLANG_ENABLE_MODULES = YES;
				CLANG_ENABLE_OBJC_ARC = YES;
				CLANG_ENABLE_OBJC_WEAK = YES;
				CLANG_WARN_BLOCK_CAPTURE_AUTORELEASING = YES;
				CLANG_WARN_BOOL_CONVERSION = YES;
				CLANG_WARN_COMMA = YES;
				CLANG_WARN_CONSTANT_CONVERSION = YES;
				CLANG_WARN_DEPRECATED_OBJC_IMPLEMENTATIONS = YES;
				CLANG_WARN_DIRECT_OBJC_ISA_USAGE = YES_ERROR;
				CLANG_WARN_DOCUMENTATION_COMMENTS = YES;
				CLANG_WARN_EMPTY_BODY = YES;
				CLANG_WARN_ENUM_CONVERSION = YES;
				CLANG_WARN_INFINITE_RECURSION = YES;
				CLANG_WARN_INT_CONVERSION = YES;
				CLANG_WARN_NON_LITERAL_NULL_CONVERSION = YES;
				CLANG_WARN_OBJC_IMPLICIT_RETAIN_SELF = YES;
				CLANG_WARN_OBJC_LITERAL_CONVERSION = YES;
				CLANG_WARN_OBJC_ROOT_CLASS = YES_ERROR;
				CLANG_WARN_QUOTED_INCLUDE_IN_FRAMEWORK_HEADER = YES;
				CLANG_WARN_RANGE_LOOP_ANALYSIS = YES;
				CLANG_WARN_STRICT_PROTOTYPES = YES;
				CLANG_WARN_SUSPICIOUS_MOVE = YES;
				CLANG_WARN_UNGUARDED_AVAILABILITY = YES_AGGRESSIVE;
				CLANG_WARN_UNREACHABLE_CODE = YES;
				CLANG_WARN__DUPLICATE_METHOD_MATCH = YES;
				COPY_PHASE_STRIP = NO;
				DEBUG_INFORMATION_FORMAT = dwarf;
				ENABLE_STRICT_OBJC_MSGSEND = YES;
				ENABLE_TESTABILITY = YES;
				GCC_C_LANGUAGE_STANDARD = gnu11;
				GCC_DYNAMIC_NO_PIC = NO;
				GCC_NO_COMMON_BLOCKS = YES;
				GCC_OPTIMIZATION_LEVEL = 0;
				GCC_PREPROCESSOR_DEFINITIONS = (
					"DEBUG=1",
					"$(inherited)",
				);
				GCC_WARN_64_TO_32_BIT_CONVERSION = YES;
				GCC_WARN_ABOUT_RETURN_TYPE = YES_ERROR;
				GCC_WARN_UNDECLARED_SELECTOR = YES;
				GCC_WARN_UNINITIALIZED_AUTOS = YES_AGGRESSIVE;
				GCC_WARN_UNUSED_FUNCTION = YES;
				GCC_WARN_UNUSED_VARIABLE = YES;
				IPHONEOS_DEPLOYMENT_TARGET = 15.0;
				MTL_ENABLE_DEBUG_INFO = INCLUDE_SOURCE;
				MTL_FAST_MATH = YES;
				ONLY_ACTIVE_ARCH = YES;
				SDKROOT = iphoneos;
			};
			name = Debug;
		};
		A253A2C327561674003F3411 /* Release */ = {
			isa = XCBuildConfiguration;
			buildSettings = {
				ALWAYS_SEARCH_USER_PATHS = NO;
				CLANG_ANALYZER_NONNULL = YES;
				CLANG_ANALYZER_NUMBER_OBJECT_CONVERSION = YES_AGGRESSIVE;
				CLANG_CXX_LANGUAGE_STANDARD = "gnu++17";
				CLANG_CXX_LIBRARY = "libc++";
				CLANG_ENABLE_MODULES = YES;
				CLANG_ENABLE_OBJC_ARC = YES;
				CLANG_ENABLE_OBJC_WEAK = YES;
				CLANG_WARN_BLOCK_CAPTURE_AUTORELEASING = YES;
				CLANG_WARN_BOOL_CONVERSION = YES;
				CLANG_WARN_COMMA = YES;
				CLANG_WARN_CONSTANT_CONVERSION = YES;
				CLANG_WARN_DEPRECATED_OBJC_IMPLEMENTATIONS = YES;
				CLANG_WARN_DIRECT_OBJC_ISA_USAGE = YES_ERROR;
				CLANG_WARN_DOCUMENTATION_COMMENTS = YES;
				CLANG_WARN_EMPTY_BODY = YES;
				CLANG_WARN_ENUM_CONVERSION = YES;
				CLANG_WARN_INFINITE_RECURSION = YES;
				CLANG_WARN_INT_CONVERSION = YES;
				CLANG_WARN_NON_LITERAL_NULL_CONVERSION = YES;
				CLANG_WARN_OBJC_IMPLICIT_RETAIN_SELF = YES;
				CLANG_WARN_OBJC_LITERAL_CONVERSION = YES;
				CLANG_WARN_OBJC_ROOT_CLASS = YES_ERROR;
				CLANG_WARN_QUOTED_INCLUDE_IN_FRAMEWORK_HEADER = YES;
				CLANG_WARN_RANGE_LOOP_ANALYSIS = YES;
				CLANG_WARN_STRICT_PROTOTYPES = YES;
				CLANG_WARN_SUSPICIOUS_MOVE = YES;
				CLANG_WARN_UNGUARDED_AVAILABILITY = YES_AGGRESSIVE;
				CLANG_WARN_UNREACHABLE_CODE = YES;
				CLANG_WARN__DUPLICATE_METHOD_MATCH = YES;
				COPY_PHASE_STRIP = NO;
				DEBUG_INFORMATION_FORMAT = "dwarf-with-dsym";
				ENABLE_NS_ASSERTIONS = NO;
				ENABLE_STRICT_OBJC_MSGSEND = YES;
				GCC_C_LANGUAGE_STANDARD = gnu11;
				GCC_NO_COMMON_BLOCKS = YES;
				GCC_WARN_64_TO_32_BIT_CONVERSION = YES;
				GCC_WARN_ABOUT_RETURN_TYPE = YES_ERROR;
				GCC_WARN_UNDECLARED_SELECTOR = YES;
				GCC_WARN_UNINITIALIZED_AUTOS = YES_AGGRESSIVE;
				GCC_WARN_UNUSED_FUNCTION = YES;
				GCC_WARN_UNUSED_VARIABLE = YES;
				IPHONEOS_DEPLOYMENT_TARGET = 15.0;
				MTL_ENABLE_DEBUG_INFO = NO;
				MTL_FAST_MATH = YES;
				SDKROOT = iphoneos;
				VALIDATE_PRODUCT = YES;
			};
			name = Release;
		};
		A253A2C527561674003F3411 /* Debug */ = {
			isa = XCBuildConfiguration;
			baseConfigurationReference = D0734ECE8486907F4CC53A07 /* Pods-PPVideoPlayer.debug.xcconfig */;
			buildSettings = {
				ASSETCATALOG_COMPILER_APPICON_NAME = AppIcon;
				ASSETCATALOG_COMPILER_GLOBAL_ACCENT_COLOR_NAME = AccentColor;
				CODE_SIGN_STYLE = Automatic;
				CURRENT_PROJECT_VERSION = 1;
				GENERATE_INFOPLIST_FILE = YES;
				INFOPLIST_FILE = PPVideoPlayer/Info.plist;
				INFOPLIST_KEY_UIApplicationSupportsIndirectInputEvents = YES;
				INFOPLIST_KEY_UILaunchStoryboardName = LaunchScreen;
				INFOPLIST_KEY_UIMainStoryboardFile = Main;
				INFOPLIST_KEY_UISupportedInterfaceOrientations_iPad = "UIInterfaceOrientationPortrait UIInterfaceOrientationPortraitUpsideDown UIInterfaceOrientationLandscapeLeft UIInterfaceOrientationLandscapeRight";
				INFOPLIST_KEY_UISupportedInterfaceOrientations_iPhone = "UIInterfaceOrientationPortrait UIInterfaceOrientationLandscapeLeft UIInterfaceOrientationLandscapeRight";
				LD_RUNPATH_SEARCH_PATHS = (
					"$(inherited)",
					"@executable_path/Frameworks",
				);
				MARKETING_VERSION = 1.0;
				PRODUCT_BUNDLE_IDENTIFIER = com.xiaopin.PPVideoPlayer;
				PRODUCT_NAME = "$(TARGET_NAME)";
				SWIFT_EMIT_LOC_STRINGS = YES;
				TARGETED_DEVICE_FAMILY = "1,2";
			};
			name = Debug;
		};
		A253A2C627561674003F3411 /* Release */ = {
			isa = XCBuildConfiguration;
			baseConfigurationReference = 7E78290923F01F53E74DAA40 /* Pods-PPVideoPlayer.release.xcconfig */;
			buildSettings = {
				ASSETCATALOG_COMPILER_APPICON_NAME = AppIcon;
				ASSETCATALOG_COMPILER_GLOBAL_ACCENT_COLOR_NAME = AccentColor;
				CODE_SIGN_STYLE = Automatic;
				CURRENT_PROJECT_VERSION = 1;
				GENERATE_INFOPLIST_FILE = YES;
				INFOPLIST_FILE = PPVideoPlayer/Info.plist;
				INFOPLIST_KEY_UIApplicationSupportsIndirectInputEvents = YES;
				INFOPLIST_KEY_UILaunchStoryboardName = LaunchScreen;
				INFOPLIST_KEY_UIMainStoryboardFile = Main;
				INFOPLIST_KEY_UISupportedInterfaceOrientations_iPad = "UIInterfaceOrientationPortrait UIInterfaceOrientationPortraitUpsideDown UIInterfaceOrientationLandscapeLeft UIInterfaceOrientationLandscapeRight";
				INFOPLIST_KEY_UISupportedInterfaceOrientations_iPhone = "UIInterfaceOrientationPortrait UIInterfaceOrientationLandscapeLeft UIInterfaceOrientationLandscapeRight";
				LD_RUNPATH_SEARCH_PATHS = (
					"$(inherited)",
					"@executable_path/Frameworks",
				);
				MARKETING_VERSION = 1.0;
				PRODUCT_BUNDLE_IDENTIFIER = com.xiaopin.PPVideoPlayer;
				PRODUCT_NAME = "$(TARGET_NAME)";
				SWIFT_EMIT_LOC_STRINGS = YES;
				TARGETED_DEVICE_FAMILY = "1,2";
			};
			name = Release;
		};
/* End XCBuildConfiguration section */

/* Begin XCConfigurationList section */
		A253A2A627561673003F3411 /* Build configuration list for PBXProject "PPVideoPlayer" */ = {
			isa = XCConfigurationList;
			buildConfigurations = (
				A253A2C227561674003F3411 /* Debug */,
				A253A2C327561674003F3411 /* Release */,
			);
			defaultConfigurationIsVisible = 0;
			defaultConfigurationName = Release;
		};
		A253A2C427561674003F3411 /* Build configuration list for PBXNativeTarget "PPVideoPlayer" */ = {
			isa = XCConfigurationList;
			buildConfigurations = (
				A253A2C527561674003F3411 /* Debug */,
				A253A2C627561674003F3411 /* Release */,
			);
			defaultConfigurationIsVisible = 0;
			defaultConfigurationName = Release;
		};
/* End XCConfigurationList section */
	};
	rootObject = A253A2A327561673003F3411 /* Project object */;
}
